
Microsoft Visual Studio Solution File, Format Version 12.00
# Visual Studio Version 17
VisualStudioVersion = 17.5.33424.131
MinimumVisualStudioVersion = 10.0.40219.1
Project("{8BC9CEB8-8B4A-11D0-8D11-00A0C91BC942}") = "000_나머지구하기", "000_나머지구하기\000_나머지구하기.vcxproj", "{7146B627-4E31-4E7E-B691-3F3B6E4B8DD5}"
EndProject
Project("{8BC9CEB8-8B4A-11D0-8D11-00A0C91BC942}") = "001_숫자비교하기", "001_숫자비교하기\001_숫자비교하기.vcxproj", "{23AD2CF5-A293-49C9-9229-F755B8AD6731}"
EndProject
Project("{8BC9CEB8-8B4A-11D0-8D11-00A0C91BC942}") = "002_두수의 곱", "002_두수의 곱\002_두수의 곱.vcxproj", "{41B0F991-B3F5-46D0-8C3C-7BA1F93F5E91}"
EndProject
Project("{2150E333-8FDC-42A3-9474-1A3956D46DE8}") = "Level_0", "Level_0", "{1DEB7987-B027-480C-ABD1-A45CF5FD5A31}"
EndProject
Project("{8BC9CEB8-8B4A-11D0-8D11-00A0C91BC942}") = "003_두수의 차", "003_두수의 차\003_두수의 차.vcxproj", "{80E385F7-583B-4807-BE9D-831DD6C49554}"
EndProject
Project("{8BC9CEB8-8B4A-11D0-8D11-00A0C91BC942}") = "004_몫 구하기", "004_몫 구하기\004_몫 구하기.vcxproj", "{1F0EFAC0-7756-496E-B36C-A40475B3BF8E}"
EndProject
Global
	GlobalSection(SolutionConfigurationPlatforms) = preSolution
		Debug|x64 = Debug|x64
		Debug|x86 = Debug|x86
		Release|x64 = Release|x64
		Release|x86 = Release|x86
	EndGlobalSection
	GlobalSection(ProjectConfigurationPlatforms) = postSolution
		{7146B627-4E31-4E7E-B691-3F3B6E4B8DD5}.Debug|x64.ActiveCfg = Debug|x64
		{7146B627-4E31-4E7E-B691-3F3B6E4B8DD5}.Debug|x64.Build.0 = Debug|x64
		{7146B627-4E31-4E7E-B691-3F3B6E4B8DD5}.Debug|x86.ActiveCfg = Debug|Win32
		{7146B627-4E31-4E7E-B691-3F3B6E4B8DD5}.Debug|x86.Build.0 = Debug|Win32
		{7146B627-4E31-4E7E-B691-3F3B6E4B8DD5}.Release|x64.ActiveCfg = Release|x64
		{7146B627-4E31-4E7E-B691-3F3B6E4B8DD5}.Release|x64.Build.0 = Release|x64
		{7146B627-4E31-4E7E-B691-3F3B6E4B8DD5}.Release|x86.ActiveCfg = Release|Win32
		{7146B627-4E31-4E7E-B691-3F3B6E4B8DD5}.Release|x86.Build.0 = Release|Win32
		{23AD2CF5-A293-49C9-9229-F755B8AD6731}.Debug|x64.ActiveCfg = Debug|x64
		{23AD2CF5-A293-49C9-9229-F755B8AD6731}.Debug|x64.Build.0 = Debug|x64
		{23AD2CF5-A293-49C9-9229-F755B8AD6731}.Debug|x86.ActiveCfg = Debug|Win32
		{23AD2CF5-A293-49C9-9229-F755B8AD6731}.Debug|x86.Build.0 = Debug|Win32
		{23AD2CF5-A293-49C9-9229-F755B8AD6731}.Release|x64.ActiveCfg = Release|x64
		{23AD2CF5-A293-49C9-9229-F755B8AD6731}.Release|x64.Build.0 = Release|x64
		{23AD2CF5-A293-49C9-9229-F755B8AD6731}.Release|x86.ActiveCfg = Release|Win32
		{23AD2CF5-A293-49C9-9229-F755B8AD6731}.Release|x86.Build.0 = Release|Win32
		{41B0F991-B3F5-46D0-8C3C-7BA1F93F5E91}.Debug|x64.ActiveCfg = Debug|x64
		{41B0F991-B3F5-46D0-8C3C-7BA1F93F5E91}.Debug|x64.Build.0 = Debug|x64
		{41B0F991-B3F5-46D0-8C3C-7BA1F93F5E91}.Debug|x86.ActiveCfg = Debug|Win32
		{41B0F991-B3F5-46D0-8C3C-7BA1F93F5E91}.Debug|x86.Build.0 = Debug|Win32
		{41B0F991-B3F5-46D0-8C3C-7BA1F93F5E91}.Release|x64.ActiveCfg = Release|x64
		{41B0F991-B3F5-46D0-8C3C-7BA1F93F5E91}.Release|x64.Build.0 = Release|x64
		{41B0F991-B3F5-46D0-8C3C-7BA1F93F5E91}.Release|x86.ActiveCfg = Release|Win32
		{41B0F991-B3F5-46D0-8C3C-7BA1F93F5E91}.Release|x86.Build.0 = Release|Win32
		{80E385F7-583B-4807-BE9D-831DD6C49554}.Debug|x64.ActiveCfg = Debug|x64
		{80E385F7-583B-4807-BE9D-831DD6C49554}.Debug|x64.Build.0 = Debug|x64
		{80E385F7-583B-4807-BE9D-831DD6C49554}.Debug|x86.ActiveCfg = Debug|Win32
		{80E385F7-583B-4807-BE9D-831DD6C49554}.Debug|x86.Build.0 = Debug|Win32
		{80E385F7-583B-4807-BE9D-831DD6C49554}.Release|x64.ActiveCfg = Release|x64
		{80E385F7-583B-4807-BE9D-831DD6C49554}.Release|x64.Build.0 = Release|x64
		{80E385F7-583B-4807-BE9D-831DD6C49554}.Release|x86.ActiveCfg = Release|Win32
		{80E385F7-583B-4807-BE9D-831DD6C49554}.Release|x86.Build.0 = Release|Win32
		{1F0EFAC0-7756-496E-B36C-A40475B3BF8E}.Debug|x64.ActiveCfg = Debug|x64
		{1F0EFAC0-7756-496E-B36C-A40475B3BF8E}.Debug|x64.Build.0 = Debug|x64
		{1F0EFAC0-7756-496E-B36C-A40475B3BF8E}.Debug|x86.ActiveCfg = Debug|Win32
		{1F0EFAC0-7756-496E-B36C-A40475B3BF8E}.Debug|x86.Build.0 = Debug|Win32
		{1F0EFAC0-7756-496E-B36C-A40475B3BF8E}.Release|x64.ActiveCfg = Release|x64
		{1F0EFAC0-7756-496E-B36C-A40475B3BF8E}.Release|x64.Build.0 = Release|x64
		{1F0EFAC0-7756-496E-B36C-A40475B3BF8E}.Release|x86.ActiveCfg = Release|Win32
		{1F0EFAC0-7756-496E-B36C-A40475B3BF8E}.Release|x86.Build.0 = Release|Win32
	EndGlobalSection
	GlobalSection(SolutionProperties) = preSolution
		HideSolutionNode = FALSE
	EndGlobalSection
	GlobalSection(NestedProjects) = preSolution
		{7146B627-4E31-4E7E-B691-3F3B6E4B8DD5} = {1DEB7987-B027-480C-ABD1-A45CF5FD5A31}
		{23AD2CF5-A293-49C9-9229-F755B8AD6731} = {1DEB7987-B027-480C-ABD1-A45CF5FD5A31}
		{41B0F991-B3F5-46D0-8C3C-7BA1F93F5E91} = {1DEB7987-B027-480C-ABD1-A45CF5FD5A31}
		{80E385F7-583B-4807-BE9D-831DD6C49554} = {1DEB7987-B027-480C-ABD1-A45CF5FD5A31}
		{1F0EFAC0-7756-496E-B36C-A40475B3BF8E} = {1DEB7987-B027-480C-ABD1-A45CF5FD5A31}
	EndGlobalSection
	GlobalSection(ExtensibilityGlobals) = postSolution
		SolutionGuid = {CD07F017-E23D-4476-8E33-5B3DC5DB353E}
	EndGlobalSection
EndGlobal
